
Microsoft Visual Studio Solution File, Format Version 12.00
# Visual Studio Version 17
VisualStudioVersion = 17.9.34728.123
MinimumVisualStudioVersion = 10.0.40219.1
Project("{FAE04EC0-301F-11D3-BF4B-00C04F79EFBC}") = "NisInventoryManagementApi", "NisInventoryManagementApi\NisInventoryManagementApi.csproj", "{EDAE007B-B6EA-4B54-83C6-B0F8967FD01F}"
EndProject
Project("{FAE04EC0-301F-11D3-BF4B-00C04F79EFBC}") = "NisInventoryManagementTest", "NisInventoryManagementTest\NisInventoryManagementTest.csproj", "{C002F7F7-B956-4D7C-B9EB-93AA86D801C0}"
EndProject
Project("{FAE04EC0-301F-11D3-BF4B-00C04F79EFBC}") = "NisInventoryManagementWeb", "NisInventoryManagementWeb\NisInventoryManagementWeb.csproj", "{3083DE1D-4F73-4528-AD17-79AC8E788BA9}"
EndProject
Global
	GlobalSection(SolutionConfigurationPlatforms) = preSolution
		Debug|Any CPU = Debug|Any CPU
		Release|Any CPU = Release|Any CPU
	EndGlobalSection
	GlobalSection(ProjectConfigurationPlatforms) = postSolution
		{EDAE007B-B6EA-4B54-83C6-B0F8967FD01F}.Debug|Any CPU.ActiveCfg = Debug|Any CPU
		{EDAE007B-B6EA-4B54-83C6-B0F8967FD01F}.Debug|Any CPU.Build.0 = Debug|Any CPU
		{EDAE007B-B6EA-4B54-83C6-B0F8967FD01F}.Release|Any CPU.ActiveCfg = Release|Any CPU
		{EDAE007B-B6EA-4B54-83C6-B0F8967FD01F}.Release|Any CPU.Build.0 = Release|Any CPU
		{C002F7F7-B956-4D7C-B9EB-93AA86D801C0}.Debug|Any CPU.ActiveCfg = Debug|Any CPU
		{C002F7F7-B956-4D7C-B9EB-93AA86D801C0}.Debug|Any CPU.Build.0 = Debug|Any CPU
		{C002F7F7-B956-4D7C-B9EB-93AA86D801C0}.Release|Any CPU.ActiveCfg = Release|Any CPU
		{C002F7F7-B956-4D7C-B9EB-93AA86D801C0}.Release|Any CPU.Build.0 = Release|Any CPU
		{3083DE1D-4F73-4528-AD17-79AC8E788BA9}.Debug|Any CPU.ActiveCfg = Debug|Any CPU
		{3083DE1D-4F73-4528-AD17-79AC8E788BA9}.Debug|Any CPU.Build.0 = Debug|Any CPU
		{3083DE1D-4F73-4528-AD17-79AC8E788BA9}.Release|Any CPU.ActiveCfg = Release|Any CPU
		{3083DE1D-4F73-4528-AD17-79AC8E788BA9}.Release|Any CPU.Build.0 = Release|Any CPU
	EndGlobalSection
	GlobalSection(SolutionProperties) = preSolution
		HideSolutionNode = FALSE
	EndGlobalSection
	GlobalSection(ExtensibilityGlobals) = postSolution
		SolutionGuid = {9E62C414-FD8C-42FD-979B-68C39F6AF067}
	EndGlobalSection
EndGlobal
